# This file is autogenerated, do not edit; changes may be undone by the next 'dep ensure'.


[[projects]]
  branch = "master"
  name = "github.com/golift/unifi"
  packages = ["."]
  revision = "24c7eb106b3c9ff4260c88b54c02f0f86301fa75"

[[projects]]
  name = "github.com/influxdata/influxdb"
  packages = [
    "client/v2",
    "models",
    "pkg/escape"
  ]
  revision = "698dbc789aff13c2678357a6b93ff73dd7136571"
  version = "v1.7.3"

[[projects]]
  name = "github.com/influxdata/platform"
  packages = [
    "models",
    "pkg/escape"
  ]
  revision = "0f79e4ea3248354c789cba274542e0a8e55971db"

[[projects]]
  name = "github.com/naoina/go-stringutil"
  packages = ["."]
  revision = "6b638e95a32d0c1131db0e7fe83775cbea4a0d0b"
  version = "v0.1.0"

[[projects]]
  name = "github.com/naoina/toml"
  packages = [
    ".",
    "ast"
  ]
  revision = "e6f5723bf2a66af014955e0888881314cf294129"
  version = "v0.1.1"

[[projects]]
  name = "github.com/ogier/pflag"
  packages = ["."]
  revision = "32a05c62658bd1d7c7e75cbc8195de5d585fde0f"
  version = "v0.0.1"

[[projects]]
  name = "github.com/pkg/errors"
  packages = ["."]
  revision = "ba968bfe8b2f7e042a574c888954fccecfa385b4"
  version = "v0.8.1"

[solve-meta]
  analyzer-name = "dep"
  analyzer-version = 1
  inputs-digest = "5fa0fad44ae6516c3c699a60210634ddcc7d36e6b8a10bae25d0efcc001bb768"
  solver-name = "gps-cdcl"
  solver-version = 1
