# This file is autogenerated, do not edit; changes may be undone by the next 'dep ensure'.


[[projects]]
  digest = "1:9f3b30d9f8e0d7040f729b82dcbc8f0dead820a133b3147ce355fc451f32d761"
  name = "github.com/BurntSushi/toml"
  packages = ["."]
  pruneopts = "UT"
  revision = "3012a1dbe2e4bd1391d42b32f0577cb7bbc7f005"
  version = "v0.3.1"

[[projects]]
  branch = "master"
  digest = "1:50708c8fc92aec981df5c446581cf9f90ba9e2a5692118e0ce75d4534aaa14a2"
  name = "github.com/influxdata/influxdb1-client"
  packages = [
    "models",
    "pkg/escape",
    "v2",
  ]
  pruneopts = "UT"
  revision = "fc22c7df067eefd070157f157893fbce961d6359"

[[projects]]
  digest = "1:c1b1102241e7f645bc8e0c22ae352e8f0dc6484b6cb4d132fa9f24174e0119e2"
  name = "github.com/spf13/pflag"
  packages = ["."]
  pruneopts = "UT"
  revision = "298182f68c66c05229eb03ac171abe6e309ee79a"
  version = "v1.0.3"

[[projects]]
  digest = "1:b981b3d72f49bc38f7a9856ec8fab47abeb17fdba1da4a69b0a5b5237dced54c"
  name = "golift.io/unifi"
  packages = ["."]
  pruneopts = "UT"
  revision = "0ac64b3ef5f855592abb1b95b062b254a184203c"
  version = "v3.4.0"

[[projects]]
  digest = "1:4d2e5a73dc1500038e504a8d78b986630e3626dc027bc030ba5c75da257cdb96"
  name = "gopkg.in/yaml.v2"
  packages = ["."]
  pruneopts = "UT"
  revision = "51d6538a90f86fe93ac480b35f37b2be17fef232"
  version = "v2.2.2"

[solve-meta]
  analyzer-name = "dep"
  analyzer-version = 1
  input-imports = [
    "github.com/BurntSushi/toml",
    "github.com/influxdata/influxdb1-client/v2",
    "github.com/spf13/pflag",
    "golift.io/unifi",
    "gopkg.in/yaml.v2",
  ]
  solver-name = "gps-cdcl"
  solver-version = 1
